// !$*UTF8*$!
{
	archiveVersion = 1;
	classes = {
	};
	objectVersion = 77;
	objects = {

/* Begin PBXBuildFile section */
		0B82A5DD2F969E1C00DC4390 /* libsqlite3.tbd in Frameworks */ = {isa = PBXBuildFile; fileRef = 0B82A5DC2F969E1C00DC4390 /* libsqlite3.tbd */; };
		0BC34A2B2F978FBD00D1D49C /* libsqlite3.tbd in Frameworks */ = {isa = PBXBuildFile; fileRef = 0BC34A2A2F978FBD00D1D49C /* libsqlite3.tbd */; };
		0BC34C222FA5509A00D1D49C /* MarkdownView in Frameworks */ = {isa = PBXBuildFile; productRef = 0BC34C212FA5509A00D1D49C /* MarkdownView */; };
/* End PBXBuildFile section */

/* Begin PBXContainerItemProxy section */
		0B82A5122F95CEF400DC4390 /* PBXContainerItemProxy */ = {
			isa = PBXContainerItemProxy;
			containerPortal = 0BCAF66C2F8FE57800F1B73A /* Project object */;
			proxyType = 1;
			remoteGlobalIDString = 0BCAF6732F8FE57800F1B73A;
			remoteInfo = "AI-Skills-Challenge";
		};
/* End PBXContainerItemProxy section */

/* Begin PBXCopyFilesBuildPhase section */
		0BC34A1C2F978CC600D1D49C /* CopyFiles */ = {
			isa = PBXCopyFilesBuildPhase;
			buildActionMask = 2147483647;
			dstPath = usr/share/man/man1;
			dstSubfolderSpec = 16;
			files = (
			);
			runOnlyForDeploymentPostprocessing = 1;
		};
/* End PBXCopyFilesBuildPhase section */

/* Begin PBXFileReference section */
		0B82A50E2F95CEF400DC4390 /* AI-Skills-ChallengeTests.xctest */ = {isa = PBXFileReference; explicitFileType = wrapper.cfbundle; includeInIndex = 0; path = "AI-Skills-ChallengeTests.xctest"; sourceTree = BUILT_PRODUCTS_DIR; };
		0B82A5DC2F969E1C00DC4390 /* libsqlite3.tbd */ = {isa = PBXFileReference; lastKnownFileType = "sourcecode.text-based-dylib-definition"; name = libsqlite3.tbd; path = usr/lib/libsqlite3.tbd; sourceTree = SDKROOT; };
		0BC34A1E2F978CC600D1D49C /* rag​-eval */ = {isa = PBXFileReference; explicitFileType = "compiled.mach-o.executable"; includeInIndex = 0; path = "rag​-eval"; sourceTree = BUILT_PRODUCTS_DIR; };
		0BC34A2A2F978FBD00D1D49C /* libsqlite3.tbd */ = {isa = PBXFileReference; lastKnownFileType = "sourcecode.text-based-dylib-definition"; name = libsqlite3.tbd; path = Platforms/MacOSX.platform/Developer/SDKs/MacOSX26.4.sdk/usr/lib/libsqlite3.tbd; sourceTree = DEVELOPER_DIR; };
		0BCAF6742F8FE57800F1B73A /* AI-Skills-Challenge.app */ = {isa = PBXFileReference; explicitFileType = wrapper.application; includeInIndex = 0; path = "AI-Skills-Challenge.app"; sourceTree = BUILT_PRODUCTS_DIR; };
/* End PBXFileReference section */

/* Begin PBXFileSystemSynchronizedBuildFileExceptionSet section */
		0BC34A262F978F6F00D1D49C /* Exceptions for "AI-Skills-Challenge" folder in "rag​-eval" target */ = {
			isa = PBXFileSystemSynchronizedBuildFileExceptionSet;
			membershipExceptions = (
				Controllers/BruteForceRetriever.swift,
				Controllers/RAGSystem.swift,
				Controllers/VectorStoreLoader.swift,
				Models/VectorStore.swift,
			);
			target = 0BC34A1D2F978CC600D1D49C /* rag​-eval */;
		};
/* End PBXFileSystemSynchronizedBuildFileExceptionSet section */

/* Begin PBXFileSystemSynchronizedGroupBuildPhaseMembershipExceptionSet section */
		0BC34A2F2F978FEC00D1D49C /* Exceptions for "AI-Skills-Challenge" folder in "Copy Files" phase from "rag​-eval" target */ = {
			isa = PBXFileSystemSynchronizedGroupBuildPhaseMembershipExceptionSet;
			buildPhase = 0BC34A1C2F978CC600D1D49C /* CopyFiles */;
			membershipExceptions = (
				Resources/rag.sqlite,
				"Resources/rag.sqlite-shm",
				"Resources/rag.sqlite-wal",
			);
		};
/* End PBXFileSystemSynchronizedGroupBuildPhaseMembershipExceptionSet section */

/* Begin PBXFileSystemSynchronizedRootGroup section */
		0B82A50F2F95CEF400DC4390 /* AI-Skills-ChallengeTests */ = {
			isa = PBXFileSystemSynchronizedRootGroup;
			path = "AI-Skills-ChallengeTests";
			sourceTree = "<group>";
		};
		0BC34A1F2F978CC600D1D49C /* rag​-eval */ = {
			isa = PBXFileSystemSynchronizedRootGroup;
			path = "rag​-eval";
			sourceTree = "<group>";
		};
		0BCAF6762F8FE57800F1B73A /* AI-Skills-Challenge */ = {
			isa = PBXFileSystemSynchronizedRootGroup;
			exceptions = (
				0BC34A262F978F6F00D1D49C /* Exceptions for "AI-Skills-Challenge" folder in "rag​-eval" target */,
				0BC34A2F2F978FEC00D1D49C /* Exceptions for "AI-Skills-Challenge" folder in "Copy Files" phase from "rag​-eval" target */,
			);
			path = "AI-Skills-Challenge";
			sourceTree = "<group>";
		};
/* End PBXFileSystemSynchronizedRootGroup section */

/* Begin PBXFrameworksBuildPhase section */
		0B82A50B2F95CEF400DC4390 /* Frameworks */ = {
			isa = PBXFrameworksBuildPhase;
			buildActionMask = 2147483647;
			files = (
			);
			runOnlyForDeploymentPostprocessing = 0;
		};
		0BC34A1B2F978CC600D1D49C /* Frameworks */ = {
			isa = PBXFrameworksBuildPhase;
			buildActionMask = 2147483647;
			files = (
				0BC34A2B2F978FBD00D1D49C /* libsqlite3.tbd in Frameworks */,
			);
			runOnlyForDeploymentPostprocessing = 0;
		};
		0BCAF6712F8FE57800F1B73A /* Frameworks */ = {
			isa = PBXFrameworksBuildPhase;
			buildActionMask = 2147483647;
			files = (
				0BC34C222FA5509A00D1D49C /* MarkdownView in Frameworks */,
				0B82A5DD2F969E1C00DC4390 /* libsqlite3.tbd in Frameworks */,
			);
			runOnlyForDeploymentPostprocessing = 0;
		};
/* End PBXFrameworksBuildPhase section */

/* Begin PBXGroup section */
		0B82A5DB2F969E1C00DC4390 /* Frameworks */ = {
			isa = PBXGroup;
			children = (
				0BC34A2A2F978FBD00D1D49C /* libsqlite3.tbd */,
				0B82A5DC2F969E1C00DC4390 /* libsqlite3.tbd */,
			);
			name = Frameworks;
			sourceTree = "<group>";
		};
		0BCAF66B2F8FE57800F1B73A = {
			isa = PBXGroup;
			children = (
				0BCAF6762F8FE57800F1B73A /* AI-Skills-Challenge */,
				0B82A50F2F95CEF400DC4390 /* AI-Skills-ChallengeTests */,
				0BC34A1F2F978CC600D1D49C /* rag​-eval */,
				0B82A5DB2F969E1C00DC4390 /* Frameworks */,
				0BCAF6752F8FE57800F1B73A /* Products */,
			);
			sourceTree = "<group>";
		};
		0BCAF6752F8FE57800F1B73A /* Products */ = {
			isa = PBXGroup;
			children = (
				0BCAF6742F8FE57800F1B73A /* AI-Skills-Challenge.app */,
				0B82A50E2F95CEF400DC4390 /* AI-Skills-ChallengeTests.xctest */,
				0BC34A1E2F978CC600D1D49C /* rag​-eval */,
			);
			name = Products;
			sourceTree = "<group>";
		};
/* End PBXGroup section */

/* Begin PBXNativeTarget section */
		0B82A50D2F95CEF400DC4390 /* AI-Skills-ChallengeTests */ = {
			isa = PBXNativeTarget;
			buildConfigurationList = 0B82A5142F95CEF400DC4390 /* Build configuration list for PBXNativeTarget "AI-Skills-ChallengeTests" */;
			buildPhases = (
				0B82A50A2F95CEF400DC4390 /* Sources */,
				0B82A50B2F95CEF400DC4390 /* Frameworks */,
				0B82A50C2F95CEF400DC4390 /* Resources */,
			);
			buildRules = (
			);
			dependencies = (
				0B82A5132F95CEF400DC4390 /* PBXTargetDependency */,
			);
			fileSystemSynchronizedGroups = (
				0B82A50F2F95CEF400DC4390 /* AI-Skills-ChallengeTests */,
			);
			name = "AI-Skills-ChallengeTests";
			packageProductDependencies = (
			);
			productName = "AI-Skills-ChallengeTests";
			productReference = 0B82A50E2F95CEF400DC4390 /* AI-Skills-ChallengeTests.xctest */;
			productType = "com.apple.product-type.bundle.unit-test";
		};
		0BC34A1D2F978CC600D1D49C /* rag​-eval */ = {
			isa = PBXNativeTarget;
			buildConfigurationList = 0BC34A242F978CC600D1D49C /* Build configuration list for PBXNativeTarget "rag​-eval" */;
			buildPhases = (
				0BC34A1A2F978CC600D1D49C /* Sources */,
				0BC34A1B2F978CC600D1D49C /* Frameworks */,
				0BC34A1C2F978CC600D1D49C /* CopyFiles */,
			);
			buildRules = (
			);
			dependencies = (
			);
			fileSystemSynchronizedGroups = (
				0BC34A1F2F978CC600D1D49C /* rag​-eval */,
			);
			name = "rag​-eval";
			packageProductDependencies = (
			);
			productName = "rag​-eval";
			productReference = 0BC34A1E2F978CC600D1D49C /* rag​-eval */;
			productType = "com.apple.product-type.tool";
		};
		0BCAF6732F8FE57800F1B73A /* AI-Skills-Challenge */ = {
			isa = PBXNativeTarget;
			buildConfigurationList = 0BCAF6812F8FE57A00F1B73A /* Build configuration list for PBXNativeTarget "AI-Skills-Challenge" */;
			buildPhases = (
				0BCAF6702F8FE57800F1B73A /* Sources */,
				0BCAF6712F8FE57800F1B73A /* Frameworks */,
				0BCAF6722F8FE57800F1B73A /* Resources */,
			);
			buildRules = (
			);
			dependencies = (
			);
			fileSystemSynchronizedGroups = (
				0BCAF6762F8FE57800F1B73A /* AI-Skills-Challenge */,
			);
			name = "AI-Skills-Challenge";
			packageProductDependencies = (
				0BC34C212FA5509A00D1D49C /* MarkdownView */,
			);
			productName = "AI-Skills-Challenge";
			productReference = 0BCAF6742F8FE57800F1B73A /* AI-Skills-Challenge.app */;
			productType = "com.apple.product-type.application";
		};
/* End PBXNativeTarget section */

/* Begin PBXProject section */
		0BCAF66C2F8FE57800F1B73A /* Project object */ = {
			isa = PBXProject;
			attributes = {
				BuildIndependentTargetsInParallel = 1;
				LastSwiftUpdateCheck = 2640;
				LastUpgradeCheck = 2640;
				ORGANIZATIONNAME = "Roger Pingleton";
				TargetAttributes = {
					0B82A50D2F95CEF400DC4390 = {
						CreatedOnToolsVersion = 26.4.1;
						TestTargetID = 0BCAF6732F8FE57800F1B73A;
					};
					0BC34A1D2F978CC600D1D49C = {
						CreatedOnToolsVersion = 26.4.1;
					};
					0BCAF6732F8FE57800F1B73A = {
						CreatedOnToolsVersion = 26.4;
					};
				};
			};
			buildConfigurationList = 0BCAF66F2F8FE57800F1B73A /* Build configuration list for PBXProject "AI-Skills-Challenge" */;
			developmentRegion = en;
			hasScannedForEncodings = 0;
			knownRegions = (
				en,
				Base,
			);
			mainGroup = 0BCAF66B2F8FE57800F1B73A;
			minimizedProjectReferenceProxies = 1;
			packageReferences = (
				0BC34C202FA5509A00D1D49C /* XCRemoteSwiftPackageReference "MarkdownView" */,
			);
			preferredProjectObjectVersion = 77;
			productRefGroup = 0BCAF6752F8FE57800F1B73A /* Products */;
			projectDirPath = "";
			projectRoot = "";
			targets = (
				0BCAF6732F8FE57800F1B73A /* AI-Skills-Challenge */,
				0B82A50D2F95CEF400DC4390 /* AI-Skills-ChallengeTests */,
				0BC34A1D2F978CC600D1D49C /* rag​-eval */,
			);
		};
/* End PBXProject section */

/* Begin PBXResourcesBuildPhase section */
		0B82A50C2F95CEF400DC4390 /* Resources */ = {
			isa = PBXResourcesBuildPhase;
			buildActionMask = 2147483647;
			files = (
			);
			runOnlyForDeploymentPostprocessing = 0;
		};
		0BCAF6722F8FE57800F1B73A /* Resources */ = {
			isa = PBXResourcesBuildPhase;
			buildActionMask = 2147483647;
			files = (
			);
			runOnlyForDeploymentPostprocessing = 0;
		};
/* End PBXResourcesBuildPhase section */

/* Begin PBXSourcesBuildPhase section */
		0B82A50A2F95CEF400DC4390 /* Sources */ = {
			isa = PBXSourcesBuildPhase;
			buildActionMask = 2147483647;
			files = (
			);
			runOnlyForDeploymentPostprocessing = 0;
		};
		0BC34A1A2F978CC600D1D49C /* Sources */ = {
			isa = PBXSourcesBuildPhase;
			buildActionMask = 2147483647;
			files = (
			);
			runOnlyForDeploymentPostprocessing = 0;
		};
		0BCAF6702F8FE57800F1B73A /* Sources */ = {
			isa = PBXSourcesBuildPhase;
			buildActionMask = 2147483647;
			files = (
			);
			runOnlyForDeploymentPostprocessing = 0;
		};
/* End PBXSourcesBuildPhase section */

/* Begin PBXTargetDependency section */
		0B82A5132F95CEF400DC4390 /* PBXTargetDependency */ = {
			isa = PBXTargetDependency;
			target = 0BCAF6732F8FE57800F1B73A /* AI-Skills-Challenge */;
			targetProxy = 0B82A5122F95CEF400DC4390 /* PBXContainerItemProxy */;
		};
/* End PBXTargetDependency section */

/* Begin XCBuildConfiguration section */
		0B82A5152F95CEF400DC4390 /* Debug */ = {
			isa = XCBuildConfiguration;
			buildSettings = {
				BUNDLE_LOADER = "$(TEST_HOST)";
				CODE_SIGN_STYLE = Automatic;
				CURRENT_PROJECT_VERSION = 1;
				DEVELOPMENT_TEAM = DJ6RTH942F;
				GENERATE_INFOPLIST_FILE = YES;
				MARKETING_VERSION = 1.0;
				PRODUCT_BUNDLE_IDENTIFIER = "com.streamsidesoft.AI-Skills-ChallengeTests";
				PRODUCT_NAME = "$(TARGET_NAME)";
				STRING_CATALOG_GENERATE_SYMBOLS = NO;
				SWIFT_APPROACHABLE_CONCURRENCY = YES;
				SWIFT_EMIT_LOC_STRINGS = NO;
				SWIFT_UPCOMING_FEATURE_MEMBER_IMPORT_VISIBILITY = YES;
				SWIFT_VERSION = 5.0;
				TARGETED_DEVICE_FAMILY = "1,2";
				TEST_HOST = "$(BUILT_PRODUCTS_DIR)/AI-Skills-Challenge.app/$(BUNDLE_EXECUTABLE_FOLDER_PATH)/AI-Skills-Challenge";
			};
			name = Debug;
		};
		0B82A5162F95CEF400DC4390 /* Release */ = {
			isa = XCBuildConfiguration;
			buildSettings = {
				BUNDLE_LOADER = "$(TEST_HOST)";
				CODE_SIGN_STYLE = Automatic;
				CURRENT_PROJECT_VERSION = 1;
				DEVELOPMENT_TEAM = DJ6RTH942F;
				GENERATE_INFOPLIST_FILE = YES;
				MARKETING_VERSION = 1.0;
				PRODUCT_BUNDLE_IDENTIFIER = "com.streamsidesoft.AI-Skills-ChallengeTests";
				PRODUCT_NAME = "$(TARGET_NAME)";
				STRING_CATALOG_GENERATE_SYMBOLS = NO;
				SWIFT_APPROACHABLE_CONCURRENCY = YES;
				SWIFT_EMIT_LOC_STRINGS = NO;
				SWIFT_UPCOMING_FEATURE_MEMBER_IMPORT_VISIBILITY = YES;
				SWIFT_VERSION = 5.0;
				TARGETED_DEVICE_FAMILY = "1,2";
				TEST_HOST = "$(BUILT_PRODUCTS_DIR)/AI-Skills-Challenge.app/$(BUNDLE_EXECUTABLE_FOLDER_PATH)/AI-Skills-Challenge";
			};
			name = Release;
		};
		0BC34A222F978CC600D1D49C /* Debug */ = {
			isa = XCBuildConfiguration;
			buildSettings = {
				CODE_SIGN_STYLE = Automatic;
				DEVELOPMENT_TEAM = DJ6RTH942F;
				ENABLE_HARDENED_RUNTIME = YES;
				MACOSX_DEPLOYMENT_TARGET = 26.4;
				PRODUCT_NAME = "$(TARGET_NAME)";
				SDKROOT = macosx;
				SWIFT_APPROACHABLE_CONCURRENCY = YES;
				SWIFT_DEFAULT_ACTOR_ISOLATION = MainActor;
				SWIFT_UPCOMING_FEATURE_MEMBER_IMPORT_VISIBILITY = YES;
				SWIFT_VERSION = 5.0;
			};
			name = Debug;
		};
		0BC34A232F978CC600D1D49C /* Release */ = {
			isa = XCBuildConfiguration;
			buildSettings = {
				CODE_SIGN_STYLE = Automatic;
				DEVELOPMENT_TEAM = DJ6RTH942F;
				ENABLE_HARDENED_RUNTIME = YES;
				MACOSX_DEPLOYMENT_TARGET = 26.4;
				PRODUCT_NAME = "$(TARGET_NAME)";
				SDKROOT = macosx;
				SWIFT_APPROACHABLE_CONCURRENCY = YES;
				SWIFT_DEFAULT_ACTOR_ISOLATION = MainActor;
				SWIFT_UPCOMING_FEATURE_MEMBER_IMPORT_VISIBILITY = YES;
				SWIFT_VERSION = 5.0;
			};
			name = Release;
		};
		0BCAF67F2F8FE57A00F1B73A /* Debug */ = {
			isa = XCBuildConfiguration;
			buildSettings = {
				ALWAYS_SEARCH_USER_PATHS = NO;
				ASSETCATALOG_COMPILER_GENERATE_SWIFT_ASSET_SYMBOL_EXTENSIONS = YES;
				CLANG_ANALYZER_NONNULL = YES;
				CLANG_ANALYZER_NUMBER_OBJECT_CONVERSION = YES_AGGRESSIVE;
				CLANG_CXX_LANGUAGE_STANDARD = "gnu++20";
				CLANG_ENABLE_MODULES = YES;
				CLANG_ENABLE_OBJC_ARC = YES;
				CLANG_ENABLE_OBJC_WEAK = YES;
				CLANG_WARN_BLOCK_CAPTURE_AUTORELEASING = YES;
				CLANG_WARN_BOOL_CONVERSION = YES;
				CLANG_WARN_COMMA = YES;
				CLANG_WARN_CONSTANT_CONVERSION = YES;
				CLANG_WARN_DEPRECATED_OBJC_IMPLEMENTATIONS = YES;
				CLANG_WARN_DIRECT_OBJC_ISA_USAGE = YES_ERROR;
				CLANG_WARN_DOCUMENTATION_COMMENTS = YES;
				CLANG_WARN_EMPTY_BODY = YES;
				CLANG_WARN_ENUM_CONVERSION = YES;
				CLANG_WARN_INFINITE_RECURSION = YES;
				CLANG_WARN_INT_CONVERSION = YES;
				CLANG_WARN_NON_LITERAL_NULL_CONVERSION = YES;
				CLANG_WARN_OBJC_IMPLICIT_RETAIN_SELF = YES;
				CLANG_WARN_OBJC_LITERAL_CONVERSION = YES;
				CLANG_WARN_OBJC_ROOT_CLASS = YES_ERROR;
				CLANG_WARN_QUOTED_INCLUDE_IN_FRAMEWORK_HEADER = YES;
				CLANG_WARN_RANGE_LOOP_ANALYSIS = YES;
				CLANG_WARN_STRICT_PROTOTYPES = YES;
				CLANG_WARN_SUSPICIOUS_MOVE = YES;
				CLANG_WARN_UNGUARDED_AVAILABILITY = YES_AGGRESSIVE;
				CLANG_WARN_UNREACHABLE_CODE = YES;
				CLANG_WARN__DUPLICATE_METHOD_MATCH = YES;
				COPY_PHASE_STRIP = NO;
				DEBUG_INFORMATION_FORMAT = dwarf;
				DEVELOPMENT_TEAM = DJ6RTH942F;
				ENABLE_STRICT_OBJC_MSGSEND = YES;
				ENABLE_TESTABILITY = YES;
				ENABLE_USER_SCRIPT_SANDBOXING = YES;
				GCC_C_LANGUAGE_STANDARD = gnu17;
				GCC_DYNAMIC_NO_PIC = NO;
				GCC_NO_COMMON_BLOCKS = YES;
				GCC_OPTIMIZATION_LEVEL = 0;
				GCC_PREPROCESSOR_DEFINITIONS = (
					"DEBUG=1",
					"$(inherited)",
				);
				GCC_WARN_64_TO_32_BIT_CONVERSION = YES;
				GCC_WARN_ABOUT_RETURN_TYPE = YES_ERROR;
				GCC_WARN_UNDECLARED_SELECTOR = YES;
				GCC_WARN_UNINITIALIZED_AUTOS = YES_AGGRESSIVE;
				GCC_WARN_UNUSED_FUNCTION = YES;
				GCC_WARN_UNUSED_VARIABLE = YES;
				IPHONEOS_DEPLOYMENT_TARGET = 26.4;
				LOCALIZATION_PREFERS_STRING_CATALOGS = YES;
				MTL_ENABLE_DEBUG_INFO = INCLUDE_SOURCE;
				MTL_FAST_MATH = YES;
				ONLY_ACTIVE_ARCH = YES;
				SDKROOT = iphoneos;
				SWIFT_ACTIVE_COMPILATION_CONDITIONS = "DEBUG $(inherited)";
				SWIFT_OPTIMIZATION_LEVEL = "-Onone";
			};
			name = Debug;
		};
		0BCAF6802F8FE57A00F1B73A /* Release */ = {
			isa = XCBuildConfiguration;
			buildSettings = {
				ALWAYS_SEARCH_USER_PATHS = NO;
				ASSETCATALOG_COMPILER_GENERATE_SWIFT_ASSET_SYMBOL_EXTENSIONS = YES;
				CLANG_ANALYZER_NONNULL = YES;
				CLANG_ANALYZER_NUMBER_OBJECT_CONVERSION = YES_AGGRESSIVE;
				CLANG_CXX_LANGUAGE_STANDARD = "gnu++20";
				CLANG_ENABLE_MODULES = YES;
				CLANG_ENABLE_OBJC_ARC = YES;
				CLANG_ENABLE_OBJC_WEAK = YES;
				CLANG_WARN_BLOCK_CAPTURE_AUTORELEASING = YES;
				CLANG_WARN_BOOL_CONVERSION = YES;
				CLANG_WARN_COMMA = YES;
				CLANG_WARN_CONSTANT_CONVERSION = YES;
				CLANG_WARN_DEPRECATED_OBJC_IMPLEMENTATIONS = YES;
				CLANG_WARN_DIRECT_OBJC_ISA_USAGE = YES_ERROR;
				CLANG_WARN_DOCUMENTATION_COMMENTS = YES;
				CLANG_WARN_EMPTY_BODY = YES;
				CLANG_WARN_ENUM_CONVERSION = YES;
				CLANG_WARN_INFINITE_RECURSION = YES;
				CLANG_WARN_INT_CONVERSION = YES;
				CLANG_WARN_NON_LITERAL_NULL_CONVERSION = YES;
				CLANG_WARN_OBJC_IMPLICIT_RETAIN_SELF = YES;
				CLANG_WARN_OBJC_LITERAL_CONVERSION = YES;
				CLANG_WARN_OBJC_ROOT_CLASS = YES_ERROR;
				CLANG_WARN_QUOTED_INCLUDE_IN_FRAMEWORK_HEADER = YES;
				CLANG_WARN_RANGE_LOOP_ANALYSIS = YES;
				CLANG_WARN_STRICT_PROTOTYPES = YES;
				CLANG_WARN_SUSPICIOUS_MOVE = YES;
				CLANG_WARN_UNGUARDED_AVAILABILITY = YES_AGGRESSIVE;
				CLANG_WARN_UNREACHABLE_CODE = YES;
				CLANG_WARN__DUPLICATE_METHOD_MATCH = YES;
				COPY_PHASE_STRIP = NO;
				DEBUG_INFORMATION_FORMAT = "dwarf-with-dsym";
				DEVELOPMENT_TEAM = DJ6RTH942F;
				ENABLE_NS_ASSERTIONS = NO;
				ENABLE_STRICT_OBJC_MSGSEND = YES;
				ENABLE_USER_SCRIPT_SANDBOXING = YES;
				GCC_C_LANGUAGE_STANDARD = gnu17;
				GCC_NO_COMMON_BLOCKS = YES;
				GCC_WARN_64_TO_32_BIT_CONVERSION = YES;
				GCC_WARN_ABOUT_RETURN_TYPE = YES_ERROR;
				GCC_WARN_UNDECLARED_SELECTOR = YES;
				GCC_WARN_UNINITIALIZED_AUTOS = YES_AGGRESSIVE;
				GCC_WARN_UNUSED_FUNCTION = YES;
				GCC_WARN_UNUSED_VARIABLE = YES;
				IPHONEOS_DEPLOYMENT_TARGET = 26.4;
				LOCALIZATION_PREFERS_STRING_CATALOGS = YES;
				MTL_ENABLE_DEBUG_INFO = NO;
				MTL_FAST_MATH = YES;
				SDKROOT = iphoneos;
				SWIFT_COMPILATION_MODE = wholemodule;
				VALIDATE_PRODUCT = YES;
			};
			name = Release;
		};
		0BCAF6822F8FE57A00F1B73A /* Debug */ = {
			isa = XCBuildConfiguration;
			buildSettings = {
				ASSETCATALOG_COMPILER_APPICON_NAME = AppIcon;
				ASSETCATALOG_COMPILER_GLOBAL_ACCENT_COLOR_NAME = AccentColor;
				CODE_SIGN_STYLE = Automatic;
				CURRENT_PROJECT_VERSION = 1;
				DEVELOPMENT_TEAM = DJ6RTH942F;
				ENABLE_PREVIEWS = YES;
				GENERATE_INFOPLIST_FILE = YES;
				INFOPLIST_KEY_CFBundleDisplayName = "AI Skills";
				INFOPLIST_KEY_LSApplicationCategoryType = "public.app-category.education";
				INFOPLIST_KEY_UIApplicationSceneManifest_Generation = YES;
				INFOPLIST_KEY_UIApplicationSupportsIndirectInputEvents = YES;
				INFOPLIST_KEY_UILaunchScreen_Generation = YES;
				INFOPLIST_KEY_UISupportedInterfaceOrientations_iPad = "UIInterfaceOrientationPortrait UIInterfaceOrientationPortraitUpsideDown UIInterfaceOrientationLandscapeLeft UIInterfaceOrientationLandscapeRight";
				INFOPLIST_KEY_UISupportedInterfaceOrientations_iPhone = "UIInterfaceOrientationPortrait UIInterfaceOrientationLandscapeLeft UIInterfaceOrientationLandscapeRight";
				LD_RUNPATH_SEARCH_PATHS = (
					"$(inherited)",
					"@executable_path/Frameworks",
				);
				MARKETING_VERSION = 1.0;
				PRODUCT_BUNDLE_IDENTIFIER = "com.streamsidesoft.AI-Skills-Challenge";
				PRODUCT_NAME = "$(TARGET_NAME)";
				STRING_CATALOG_GENERATE_SYMBOLS = YES;
				SWIFT_APPROACHABLE_CONCURRENCY = YES;
				SWIFT_DEFAULT_ACTOR_ISOLATION = MainActor;
				SWIFT_EMIT_LOC_STRINGS = YES;
				SWIFT_UPCOMING_FEATURE_MEMBER_IMPORT_VISIBILITY = YES;
				SWIFT_VERSION = 5.0;
				TARGETED_DEVICE_FAMILY = "1,2";
			};
			name = Debug;
		};
		0BCAF6832F8FE57A00F1B73A /* Release */ = {
			isa = XCBuildConfiguration;
			buildSettings = {
				ASSETCATALOG_COMPILER_APPICON_NAME = AppIcon;
				ASSETCATALOG_COMPILER_GLOBAL_ACCENT_COLOR_NAME = AccentColor;
				CODE_SIGN_STYLE = Automatic;
				CURRENT_PROJECT_VERSION = 1;
				DEVELOPMENT_TEAM = DJ6RTH942F;
				ENABLE_PREVIEWS = YES;
				GENERATE_INFOPLIST_FILE = YES;
				INFOPLIST_KEY_CFBundleDisplayName = "AI Skills";
				INFOPLIST_KEY_LSApplicationCategoryType = "public.app-category.education";
				INFOPLIST_KEY_UIApplicationSceneManifest_Generation = YES;
				INFOPLIST_KEY_UIApplicationSupportsIndirectInputEvents = YES;
				INFOPLIST_KEY_UILaunchScreen_Generation = YES;
				INFOPLIST_KEY_UISupportedInterfaceOrientations_iPad = "UIInterfaceOrientationPortrait UIInterfaceOrientationPortraitUpsideDown UIInterfaceOrientationLandscapeLeft UIInterfaceOrientationLandscapeRight";
				INFOPLIST_KEY_UISupportedInterfaceOrientations_iPhone = "UIInterfaceOrientationPortrait UIInterfaceOrientationLandscapeLeft UIInterfaceOrientationLandscapeRight";
				LD_RUNPATH_SEARCH_PATHS = (
					"$(inherited)",
					"@executable_path/Frameworks",
				);
				MARKETING_VERSION = 1.0;
				PRODUCT_BUNDLE_IDENTIFIER = "com.streamsidesoft.AI-Skills-Challenge";
				PRODUCT_NAME = "$(TARGET_NAME)";
				STRING_CATALOG_GENERATE_SYMBOLS = YES;
				SWIFT_APPROACHABLE_CONCURRENCY = YES;
				SWIFT_DEFAULT_ACTOR_ISOLATION = MainActor;
				SWIFT_EMIT_LOC_STRINGS = YES;
				SWIFT_UPCOMING_FEATURE_MEMBER_IMPORT_VISIBILITY = YES;
				SWIFT_VERSION = 5.0;
				TARGETED_DEVICE_FAMILY = "1,2";
			};
			name = Release;
		};
/* End XCBuildConfiguration section */

/* Begin XCConfigurationList section */
		0B82A5142F95CEF400DC4390 /* Build configuration list for PBXNativeTarget "AI-Skills-ChallengeTests" */ = {
			isa = XCConfigurationList;
			buildConfigurations = (
				0B82A5152F95CEF400DC4390 /* Debug */,
				0B82A5162F95CEF400DC4390 /* Release */,
			);
			defaultConfigurationIsVisible = 0;
			defaultConfigurationName = Release;
		};
		0BC34A242F978CC600D1D49C /* Build configuration list for PBXNativeTarget "rag​-eval" */ = {
			isa = XCConfigurationList;
			buildConfigurations = (
				0BC34A222F978CC600D1D49C /* Debug */,
				0BC34A232F978CC600D1D49C /* Release */,
			);
			defaultConfigurationIsVisible = 0;
			defaultConfigurationName = Release;
		};
		0BCAF66F2F8FE57800F1B73A /* Build configuration list for PBXProject "AI-Skills-Challenge" */ = {
			isa = XCConfigurationList;
			buildConfigurations = (
				0BCAF67F2F8FE57A00F1B73A /* Debug */,
				0BCAF6802F8FE57A00F1B73A /* Release */,
			);
			defaultConfigurationIsVisible = 0;
			defaultConfigurationName = Release;
		};
		0BCAF6812F8FE57A00F1B73A /* Build configuration list for PBXNativeTarget "AI-Skills-Challenge" */ = {
			isa = XCConfigurationList;
			buildConfigurations = (
				0BCAF6822F8FE57A00F1B73A /* Debug */,
				0BCAF6832F8FE57A00F1B73A /* Release */,
			);
			defaultConfigurationIsVisible = 0;
			defaultConfigurationName = Release;
		};
/* End XCConfigurationList section */

/* Begin XCRemoteSwiftPackageReference section */
		0BC34C202FA5509A00D1D49C /* XCRemoteSwiftPackageReference "MarkdownView" */ = {
			isa = XCRemoteSwiftPackageReference;
			repositoryURL = "https://github.com/LiYanan2004/MarkdownView";
			requirement = {
				kind = upToNextMajorVersion;
				minimumVersion = 2.6.1;
			};
		};
/* End XCRemoteSwiftPackageReference section */

/* Begin XCSwiftPackageProductDependency section */
		0BC34C212FA5509A00D1D49C /* MarkdownView */ = {
			isa = XCSwiftPackageProductDependency;
			package = 0BC34C202FA5509A00D1D49C /* XCRemoteSwiftPackageReference "MarkdownView" */;
			productName = MarkdownView;
		};
/* End XCSwiftPackageProductDependency section */
	};
	rootObject = 0BCAF66C2F8FE57800F1B73A /* Project object */;
}
